
Microsoft Visual Studio Solution File, Format Version 12.00
# Visual Studio Version 16
VisualStudioVersion = 16.0.29911.84
MinimumVisualStudioVersion = 10.0.40219.1
Project("{FAE04EC0-301F-11D3-BF4B-00C04F79EFBC}") = "Calculadora", "Calculadora\Calculadora.csproj", "{462C0FC4-3A1C-45D4-9065-6629FD040F44}"
EndProject
Global
	GlobalSection(SolutionConfigurationPlatforms) = preSolution
		Debug|Any CPU = Debug|Any CPU
		Release|Any CPU = Release|Any CPU
	EndGlobalSection
	GlobalSection(ProjectConfigurationPlatforms) = postSolution
		{462C0FC4-3A1C-45D4-9065-6629FD040F44}.Debug|Any CPU.ActiveCfg = Debug|Any CPU
		{462C0FC4-3A1C-45D4-9065-6629FD040F44}.Debug|Any CPU.Build.0 = Debug|Any CPU
		{462C0FC4-3A1C-45D4-9065-6629FD040F44}.Release|Any CPU.ActiveCfg = Release|Any CPU
		{462C0FC4-3A1C-45D4-9065-6629FD040F44}.Release|Any CPU.Build.0 = Release|Any CPU
	EndGlobalSection
	GlobalSection(SolutionProperties) = preSolution
		HideSolutionNode = FALSE
	EndGlobalSection
	GlobalSection(ExtensibilityGlobals) = postSolution
		SolutionGuid = {268AB96E-AEF1-4304-A903-97AC398989EF}
	EndGlobalSection
EndGlobal
